
Microsoft Visual Studio Solution File, Format Version 12.00
# Visual Studio Version 17
VisualStudioVersion = 17.2.32630.192
MinimumVisualStudioVersion = 10.0.40219.1
Project("{9A19103F-16F7-4668-BE54-9A1E7A4F7556}") = "R5T.NG0025.Construction", "R5T.NG0025.Construction\R5T.NG0025.Construction.csproj", "{5A88F657-1DD9-4E16-90C5-1F1537E8D5DF}"
EndProject
Project("{9A19103F-16F7-4668-BE54-9A1E7A4F7556}") = "R5T.NG0025", "R5T.NG0025\R5T.NG0025.csproj", "{1148A648-989E-4CD8-A46B-D1FF955FC3BA}"
EndProject
Global
	GlobalSection(SolutionConfigurationPlatforms) = preSolution
		Debug|Any CPU = Debug|Any CPU
		Release|Any CPU = Release|Any CPU
	EndGlobalSection
	GlobalSection(ProjectConfigurationPlatforms) = postSolution
		{5A88F657-1DD9-4E16-90C5-1F1537E8D5DF}.Debug|Any CPU.ActiveCfg = Debug|Any CPU
		{5A88F657-1DD9-4E16-90C5-1F1537E8D5DF}.Debug|Any CPU.Build.0 = Debug|Any CPU
		{5A88F657-1DD9-4E16-90C5-1F1537E8D5DF}.Release|Any CPU.ActiveCfg = Release|Any CPU
		{5A88F657-1DD9-4E16-90C5-1F1537E8D5DF}.Release|Any CPU.Build.0 = Release|Any CPU
		{1148A648-989E-4CD8-A46B-D1FF955FC3BA}.Debug|Any CPU.ActiveCfg = Debug|Any CPU
		{1148A648-989E-4CD8-A46B-D1FF955FC3BA}.Debug|Any CPU.Build.0 = Debug|Any CPU
		{1148A648-989E-4CD8-A46B-D1FF955FC3BA}.Release|Any CPU.ActiveCfg = Release|Any CPU
		{1148A648-989E-4CD8-A46B-D1FF955FC3BA}.Release|Any CPU.Build.0 = Release|Any CPU
	EndGlobalSection
	GlobalSection(SolutionProperties) = preSolution
		HideSolutionNode = FALSE
	EndGlobalSection
	GlobalSection(ExtensibilityGlobals) = postSolution
		SolutionGuid = {CCA1C80A-B313-4FAA-A419-F7777DC90080}
	EndGlobalSection
EndGlobal
